// !$*UTF8*$!
{
	archiveVersion = 1;
	classes = {
	};
	objectVersion = 77;
	objects = {

/* Begin PBXContainerItemProxy section */
		EBB1AE522F7612D100AB61F9 /* PBXContainerItemProxy */ = {
			isa = PBXContainerItemProxy;
			containerPortal = EBB1AE3B2F7612CF00AB61F9 /* Project object */;
			proxyType = 1;
			remoteGlobalIDString = EBB1AE422F7612CF00AB61F9;
			remoteInfo = Frontend_Official;
		};
		EBB1AE5C2F7612D100AB61F9 /* PBXContainerItemProxy */ = {
			isa = PBXContainerItemProxy;
			containerPortal = EBB1AE3B2F7612CF00AB61F9 /* Project object */;
			proxyType = 1;
			remoteGlobalIDString = EBB1AE422F7612CF00AB61F9;
			remoteInfo = Frontend_Official;
		};
/* End PBXContainerItemProxy section */

/* Begin PBXFileReference section */
		EBB1AE432F7612CF00AB61F9 /* FinanceApp.app */ = {isa = PBXFileReference; explicitFileType = wrapper.application; includeInIndex = 0; path = FinanceApp.app; sourceTree = BUILT_PRODUCTS_DIR; };
		EBB1AE512F7612D100AB61F9 /* FinanceAppTests.xctest */ = {isa = PBXFileReference; explicitFileType = wrapper.cfbundle; includeInIndex = 0; path = FinanceAppTests.xctest; sourceTree = BUILT_PRODUCTS_DIR; };
		EBB1AE5B2F7612D100AB61F9 /* FinanceAppUITests.xctest */ = {isa = PBXFileReference; explicitFileType = wrapper.cfbundle; includeInIndex = 0; path = FinanceAppUITests.xctest; sourceTree = BUILT_PRODUCTS_DIR; };
/* End PBXFileReference section */

/* Begin PBXFileSystemSynchronizedRootGroup section */
		EBB1AE452F7612CF00AB61F9 /* Frontend_Official */ = {
			isa = PBXFileSystemSynchronizedRootGroup;
			path = Frontend_Official;
			sourceTree = "<group>";
		};
		EBB1AE542F7612D100AB61F9 /* Frontend_OfficialTests */ = {
			isa = PBXFileSystemSynchronizedRootGroup;
			path = Frontend_OfficialTests;
			sourceTree = "<group>";
		};
		EBB1AE5E2F7612D100AB61F9 /* Frontend_OfficialUITests */ = {
			isa = PBXFileSystemSynchronizedRootGroup;
			path = Frontend_OfficialUITests;
			sourceTree = "<group>";
		};
/* End PBXFileSystemSynchronizedRootGroup section */

/* Begin PBXFrameworksBuildPhase section */
		EBB1AE402F7612CF00AB61F9 /* Frameworks */ = {
			isa = PBXFrameworksBuildPhase;
			buildActionMask = 2147483647;
			files = (
			);
			runOnlyForDeploymentPostprocessing = 0;
		};
		EBB1AE4E2F7612D100AB61F9 /* Frameworks */ = {
			isa = PBXFrameworksBuildPhase;
			buildActionMask = 2147483647;
			files = (
			);
			runOnlyForDeploymentPostprocessing = 0;
		};
		EBB1AE582F7612D100AB61F9 /* Frameworks */ = {
			isa = PBXFrameworksBuildPhase;
			buildActionMask = 2147483647;
			files = (
			);
			runOnlyForDeploymentPostprocessing = 0;
		};
/* End PBXFrameworksBuildPhase section */

/* Begin PBXGroup section */
		EBB1AE3A2F7612CF00AB61F9 = {
			isa = PBXGroup;
			children = (
				EBB1AE452F7612CF00AB61F9 /* Frontend_Official */,
				EBB1AE542F7612D100AB61F9 /* Frontend_OfficialTests */,
				EBB1AE5E2F7612D100AB61F9 /* Frontend_OfficialUITests */,
				EBB1AE442F7612CF00AB61F9 /* Products */,
			);
			sourceTree = "<group>";
		};
		EBB1AE442F7612CF00AB61F9 /* Products */ = {
			isa = PBXGroup;
			children = (
				EBB1AE432F7612CF00AB61F9 /* FinanceApp.app */,
				EBB1AE512F7612D100AB61F9 /* FinanceAppTests.xctest */,
				EBB1AE5B2F7612D100AB61F9 /* FinanceAppUITests.xctest */,
			);
			name = Products;
			sourceTree = "<group>";
		};
/* End PBXGroup section */

/* Begin PBXNativeTarget section */
		EBB1AE422F7612CF00AB61F9 /* FinanceApp */ = {
			isa = PBXNativeTarget;
			buildConfigurationList = EBB1AE652F7612D100AB61F9 /* Build configuration list for PBXNativeTarget "FinanceApp" */;
			buildPhases = (
				EBB1AE3F2F7612CF00AB61F9 /* Sources */,
				EBB1AE402F7612CF00AB61F9 /* Frameworks */,
				EBB1AE412F7612CF00AB61F9 /* Resources */,
			);
			buildRules = (
			);
			dependencies = (
			);
			fileSystemSynchronizedGroups = (
				EBB1AE452F7612CF00AB61F9 /* Frontend_Official */,
			);
			name = FinanceApp;
			packageProductDependencies = (
			);
			productName = Frontend_Official;
			productReference = EBB1AE432F7612CF00AB61F9 /* FinanceApp.app */;
			productType = "com.apple.product-type.application";
		};
		EBB1AE502F7612D100AB61F9 /* FinanceAppTests */ = {
			isa = PBXNativeTarget;
			buildConfigurationList = EBB1AE682F7612D100AB61F9 /* Build configuration list for PBXNativeTarget "FinanceAppTests" */;
			buildPhases = (
				EBB1AE4D2F7612D100AB61F9 /* Sources */,
				EBB1AE4E2F7612D100AB61F9 /* Frameworks */,
				EBB1AE4F2F7612D100AB61F9 /* Resources */,
			);
			buildRules = (
			);
			dependencies = (
				EBB1AE532F7612D100AB61F9 /* PBXTargetDependency */,
			);
			fileSystemSynchronizedGroups = (
				EBB1AE542F7612D100AB61F9 /* Frontend_OfficialTests */,
			);
			name = FinanceAppTests;
			packageProductDependencies = (
			);
			productName = Frontend_OfficialTests;
			productReference = EBB1AE512F7612D100AB61F9 /* FinanceAppTests.xctest */;
			productType = "com.apple.product-type.bundle.unit-test";
		};
		EBB1AE5A2F7612D100AB61F9 /* FinanceAppUITests */ = {
			isa = PBXNativeTarget;
			buildConfigurationList = EBB1AE6B2F7612D100AB61F9 /* Build configuration list for PBXNativeTarget "FinanceAppUITests" */;
			buildPhases = (
				EBB1AE572F7612D100AB61F9 /* Sources */,
				EBB1AE582F7612D100AB61F9 /* Frameworks */,
				EBB1AE592F7612D100AB61F9 /* Resources */,
			);
			buildRules = (
			);
			dependencies = (
				EBB1AE5D2F7612D100AB61F9 /* PBXTargetDependency */,
			);
			fileSystemSynchronizedGroups = (
				EBB1AE5E2F7612D100AB61F9 /* Frontend_OfficialUITests */,
			);
			name = FinanceAppUITests;
			packageProductDependencies = (
			);
			productName = Frontend_OfficialUITests;
			productReference = EBB1AE5B2F7612D100AB61F9 /* FinanceAppUITests.xctest */;
			productType = "com.apple.product-type.bundle.ui-testing";
		};
/* End PBXNativeTarget section */

/* Begin PBXProject section */
		EBB1AE3B2F7612CF00AB61F9 /* Project object */ = {
			isa = PBXProject;
			attributes = {
				BuildIndependentTargetsInParallel = 1;
				LastSwiftUpdateCheck = 1640;
				LastUpgradeCheck = 1640;
				TargetAttributes = {
					EBB1AE422F7612CF00AB61F9 = {
						CreatedOnToolsVersion = 16.4;
					};
					EBB1AE502F7612D100AB61F9 = {
						CreatedOnToolsVersion = 16.4;
						TestTargetID = EBB1AE422F7612CF00AB61F9;
					};
					EBB1AE5A2F7612D100AB61F9 = {
						CreatedOnToolsVersion = 16.4;
						TestTargetID = EBB1AE422F7612CF00AB61F9;
					};
				};
			};
			buildConfigurationList = EBB1AE3E2F7612CF00AB61F9 /* Build configuration list for PBXProject "FinanceApp" */;
			developmentRegion = en;
			hasScannedForEncodings = 0;
			knownRegions = (
				en,
				Base,
			);
			mainGroup = EBB1AE3A2F7612CF00AB61F9;
			minimizedProjectReferenceProxies = 1;
			preferredProjectObjectVersion = 77;
			productRefGroup = EBB1AE442F7612CF00AB61F9 /* Products */;
			projectDirPath = "";
			projectRoot = "";
			targets = (
				EBB1AE422F7612CF00AB61F9 /* FinanceApp */,
				EBB1AE502F7612D100AB61F9 /* FinanceAppTests */,
				EBB1AE5A2F7612D100AB61F9 /* FinanceAppUITests */,
			);
		};
/* End PBXProject section */

/* Begin PBXResourcesBuildPhase section */
		EBB1AE412F7612CF00AB61F9 /* Resources */ = {
			isa = PBXResourcesBuildPhase;
			buildActionMask = 2147483647;
			files = (
			);
			runOnlyForDeploymentPostprocessing = 0;
		};
		EBB1AE4F2F7612D100AB61F9 /* Resources */ = {
			isa = PBXResourcesBuildPhase;
			buildActionMask = 2147483647;
			files = (
			);
			runOnlyForDeploymentPostprocessing = 0;
		};
		EBB1AE592F7612D100AB61F9 /* Resources */ = {
			isa = PBXResourcesBuildPhase;
			buildActionMask = 2147483647;
			files = (
			);
			runOnlyForDeploymentPostprocessing = 0;
		};
/* End PBXResourcesBuildPhase section */

/* Begin PBXSourcesBuildPhase section */
		EBB1AE3F2F7612CF00AB61F9 /* Sources */ = {
			isa = PBXSourcesBuildPhase;
			buildActionMask = 2147483647;
			files = (
			);
			runOnlyForDeploymentPostprocessing = 0;
		};
		EBB1AE4D2F7612D100AB61F9 /* Sources */ = {
			isa = PBXSourcesBuildPhase;
			buildActionMask = 2147483647;
			files = (
			);
			runOnlyForDeploymentPostprocessing = 0;
		};
		EBB1AE572F7612D100AB61F9 /* Sources */ = {
			isa = PBXSourcesBuildPhase;
			buildActionMask = 2147483647;
			files = (
			);
			runOnlyForDeploymentPostprocessing = 0;
		};
/* End PBXSourcesBuildPhase section */

/* Begin PBXTargetDependency section */
		EBB1AE532F7612D100AB61F9 /* PBXTargetDependency */ = {
			isa = PBXTargetDependency;
			target = EBB1AE422F7612CF00AB61F9 /* FinanceApp */;
			targetProxy = EBB1AE522F7612D100AB61F9 /* PBXContainerItemProxy */;
		};
		EBB1AE5D2F7612D100AB61F9 /* PBXTargetDependency */ = {
			isa = PBXTargetDependency;
			target = EBB1AE422F7612CF00AB61F9 /* FinanceApp */;
			targetProxy = EBB1AE5C2F7612D100AB61F9 /* PBXContainerItemProxy */;
		};
/* End PBXTargetDependency section */

/* Begin XCBuildConfiguration section */
		EBB1AE632F7612D100AB61F9 /* Debug */ = {
			isa = XCBuildConfiguration;
			buildSettings = {
				ALWAYS_SEARCH_USER_PATHS = NO;
				ASSETCATALOG_COMPILER_GENERATE_SWIFT_ASSET_SYMBOL_EXTENSIONS = YES;
				CLANG_ANALYZER_NONNULL = YES;
				CLANG_ANALYZER_NUMBER_OBJECT_CONVERSION = YES_AGGRESSIVE;
				CLANG_CXX_LANGUAGE_STANDARD = "gnu++20";
				CLANG_ENABLE_MODULES = YES;
				CLANG_ENABLE_OBJC_ARC = YES;
				CLANG_ENABLE_OBJC_WEAK = YES;
				CLANG_WARN_BLOCK_CAPTURE_AUTORELEASING = YES;
				CLANG_WARN_BOOL_CONVERSION = YES;
				CLANG_WARN_COMMA = YES;
				CLANG_WARN_CONSTANT_CONVERSION = YES;
				CLANG_WARN_DEPRECATED_OBJC_IMPLEMENTATIONS = YES;
				CLANG_WARN_DIRECT_OBJC_ISA_USAGE = YES_ERROR;
				CLANG_WARN_DOCUMENTATION_COMMENTS = YES;
				CLANG_WARN_EMPTY_BODY = YES;
				CLANG_WARN_ENUM_CONVERSION = YES;
				CLANG_WARN_INFINITE_RECURSION = YES;
				CLANG_WARN_INT_CONVERSION = YES;
				CLANG_WARN_NON_LITERAL_NULL_CONVERSION = YES;
				CLANG_WARN_OBJC_IMPLICIT_RETAIN_SELF = YES;
				CLANG_WARN_OBJC_LITERAL_CONVERSION = YES;
				CLANG_WARN_OBJC_ROOT_CLASS = YES_ERROR;
				CLANG_WARN_QUOTED_INCLUDE_IN_FRAMEWORK_HEADER = YES;
				CLANG_WARN_RANGE_LOOP_ANALYSIS = YES;
				CLANG_WARN_STRICT_PROTOTYPES = YES;
				CLANG_WARN_SUSPICIOUS_MOVE = YES;
				CLANG_WARN_UNGUARDED_AVAILABILITY = YES_AGGRESSIVE;
				CLANG_WARN_UNREACHABLE_CODE = YES;
				CLANG_WARN__DUPLICATE_METHOD_MATCH = YES;
				COPY_PHASE_STRIP = NO;
				DEBUG_INFORMATION_FORMAT = dwarf;
				ENABLE_STRICT_OBJC_MSGSEND = YES;
				ENABLE_TESTABILITY = YES;
				ENABLE_USER_SCRIPT_SANDBOXING = YES;
				GCC_C_LANGUAGE_STANDARD = gnu17;
				GCC_DYNAMIC_NO_PIC = NO;
				GCC_NO_COMMON_BLOCKS = YES;
				GCC_OPTIMIZATION_LEVEL = 0;
				GCC_PREPROCESSOR_DEFINITIONS = (
					"DEBUG=1",
					"$(inherited)",
				);
				GCC_WARN_64_TO_32_BIT_CONVERSION = YES;
				GCC_WARN_ABOUT_RETURN_TYPE = YES_ERROR;
				GCC_WARN_UNDECLARED_SELECTOR = YES;
				GCC_WARN_UNINITIALIZED_AUTOS = YES_AGGRESSIVE;
				GCC_WARN_UNUSED_FUNCTION = YES;
				GCC_WARN_UNUSED_VARIABLE = YES;
				LOCALIZATION_PREFERS_STRING_CATALOGS = YES;
				MACOSX_DEPLOYMENT_TARGET = 15.5;
				MTL_ENABLE_DEBUG_INFO = INCLUDE_SOURCE;
				MTL_FAST_MATH = YES;
				ONLY_ACTIVE_ARCH = YES;
				SDKROOT = macosx;
				SWIFT_ACTIVE_COMPILATION_CONDITIONS = "DEBUG $(inherited)";
				SWIFT_OPTIMIZATION_LEVEL = "-Onone";
			};
			name = Debug;
		};
		EBB1AE642F7612D100AB61F9 /* Release */ = {
			isa = XCBuildConfiguration;
			buildSettings = {
				ALWAYS_SEARCH_USER_PATHS = NO;
				ASSETCATALOG_COMPILER_GENERATE_SWIFT_ASSET_SYMBOL_EXTENSIONS = YES;
				CLANG_ANALYZER_NONNULL = YES;
				CLANG_ANALYZER_NUMBER_OBJECT_CONVERSION = YES_AGGRESSIVE;
				CLANG_CXX_LANGUAGE_STANDARD = "gnu++20";
				CLANG_ENABLE_MODULES = YES;
				CLANG_ENABLE_OBJC_ARC = YES;
				CLANG_ENABLE_OBJC_WEAK = YES;
				CLANG_WARN_BLOCK_CAPTURE_AUTORELEASING = YES;
				CLANG_WARN_BOOL_CONVERSION = YES;
				CLANG_WARN_COMMA = YES;
				CLANG_WARN_CONSTANT_CONVERSION = YES;
				CLANG_WARN_DEPRECATED_OBJC_IMPLEMENTATIONS = YES;
				CLANG_WARN_DIRECT_OBJC_ISA_USAGE = YES_ERROR;
				CLANG_WARN_DOCUMENTATION_COMMENTS = YES;
				CLANG_WARN_EMPTY_BODY = YES;
				CLANG_WARN_ENUM_CONVERSION = YES;
				CLANG_WARN_INFINITE_RECURSION = YES;
				CLANG_WARN_INT_CONVERSION = YES;
				CLANG_WARN_NON_LITERAL_NULL_CONVERSION = YES;
				CLANG_WARN_OBJC_IMPLICIT_RETAIN_SELF = YES;
				CLANG_WARN_OBJC_LITERAL_CONVERSION = YES;
				CLANG_WARN_OBJC_ROOT_CLASS = YES_ERROR;
				CLANG_WARN_QUOTED_INCLUDE_IN_FRAMEWORK_HEADER = YES;
				CLANG_WARN_RANGE_LOOP_ANALYSIS = YES;
				CLANG_WARN_STRICT_PROTOTYPES = YES;
				CLANG_WARN_SUSPICIOUS_MOVE = YES;
				CLANG_WARN_UNGUARDED_AVAILABILITY = YES_AGGRESSIVE;
				CLANG_WARN_UNREACHABLE_CODE = YES;
				CLANG_WARN__DUPLICATE_METHOD_MATCH = YES;
				COPY_PHASE_STRIP = NO;
				DEBUG_INFORMATION_FORMAT = "dwarf-with-dsym";
				ENABLE_NS_ASSERTIONS = NO;
				ENABLE_STRICT_OBJC_MSGSEND = YES;
				ENABLE_USER_SCRIPT_SANDBOXING = YES;
				GCC_C_LANGUAGE_STANDARD = gnu17;
				GCC_NO_COMMON_BLOCKS = YES;
				GCC_WARN_64_TO_32_BIT_CONVERSION = YES;
				GCC_WARN_ABOUT_RETURN_TYPE = YES_ERROR;
				GCC_WARN_UNDECLARED_SELECTOR = YES;
				GCC_WARN_UNINITIALIZED_AUTOS = YES_AGGRESSIVE;
				GCC_WARN_UNUSED_FUNCTION = YES;
				GCC_WARN_UNUSED_VARIABLE = YES;
				LOCALIZATION_PREFERS_STRING_CATALOGS = YES;
				MACOSX_DEPLOYMENT_TARGET = 15.5;
				MTL_ENABLE_DEBUG_INFO = NO;
				MTL_FAST_MATH = YES;
				SDKROOT = macosx;
				SWIFT_COMPILATION_MODE = wholemodule;
			};
			name = Release;
		};
		EBB1AE662F7612D100AB61F9 /* Debug */ = {
			isa = XCBuildConfiguration;
			buildSettings = {
				ASSETCATALOG_COMPILER_APPICON_NAME = AppIcon;
				ASSETCATALOG_COMPILER_GLOBAL_ACCENT_COLOR_NAME = AccentColor;
				CODE_SIGN_ENTITLEMENTS = Frontend_Official/Frontend_Official.entitlements;
				CODE_SIGN_STYLE = Automatic;
				COMBINE_HIDPI_IMAGES = YES;
				CURRENT_PROJECT_VERSION = 1;
				ENABLE_PREVIEWS = YES;
				GENERATE_INFOPLIST_FILE = YES;
				INFOPLIST_KEY_NSHumanReadableCopyright = "";
				LD_RUNPATH_SEARCH_PATHS = (
					"$(inherited)",
					"@executable_path/../Frameworks",
				);
				MARKETING_VERSION = 1.0;
				PRODUCT_BUNDLE_IDENTIFIER = "com.rexellk.Frontend-Official";
				PRODUCT_NAME = "$(TARGET_NAME)";
				REGISTER_APP_GROUPS = YES;
				SWIFT_EMIT_LOC_STRINGS = YES;
				SWIFT_VERSION = 5.0;
			};
			name = Debug;
		};
		EBB1AE672F7612D100AB61F9 /* Release */ = {
			isa = XCBuildConfiguration;
			buildSettings = {
				ASSETCATALOG_COMPILER_APPICON_NAME = AppIcon;
				ASSETCATALOG_COMPILER_GLOBAL_ACCENT_COLOR_NAME = AccentColor;
				CODE_SIGN_ENTITLEMENTS = Frontend_Official/Frontend_Official.entitlements;
				CODE_SIGN_STYLE = Automatic;
				COMBINE_HIDPI_IMAGES = YES;
				CURRENT_PROJECT_VERSION = 1;
				ENABLE_PREVIEWS = YES;
				GENERATE_INFOPLIST_FILE = YES;
				INFOPLIST_KEY_NSHumanReadableCopyright = "";
				LD_RUNPATH_SEARCH_PATHS = (
					"$(inherited)",
					"@executable_path/../Frameworks",
				);
				MARKETING_VERSION = 1.0;
				PRODUCT_BUNDLE_IDENTIFIER = "com.rexellk.Frontend-Official";
				PRODUCT_NAME = "$(TARGET_NAME)";
				REGISTER_APP_GROUPS = YES;
				SWIFT_EMIT_LOC_STRINGS = YES;
				SWIFT_VERSION = 5.0;
			};
			name = Release;
		};
		EBB1AE692F7612D100AB61F9 /* Debug */ = {
			isa = XCBuildConfiguration;
			buildSettings = {
				BUNDLE_LOADER = "$(TEST_HOST)";
				CODE_SIGN_STYLE = Automatic;
				CURRENT_PROJECT_VERSION = 1;
				GENERATE_INFOPLIST_FILE = YES;
				MACOSX_DEPLOYMENT_TARGET = 15.5;
				MARKETING_VERSION = 1.0;
				PRODUCT_BUNDLE_IDENTIFIER = "com.rexellk.Frontend-OfficialTests";
				PRODUCT_NAME = "$(TARGET_NAME)";
				SWIFT_EMIT_LOC_STRINGS = NO;
				SWIFT_VERSION = 5.0;
				TEST_HOST = "$(BUILT_PRODUCTS_DIR)/FinanceApp.app/$(BUNDLE_EXECUTABLE_FOLDER_PATH)/FinanceApp";
			};
			name = Debug;
		};
		EBB1AE6A2F7612D100AB61F9 /* Release */ = {
			isa = XCBuildConfiguration;
			buildSettings = {
				BUNDLE_LOADER = "$(TEST_HOST)";
				CODE_SIGN_STYLE = Automatic;
				CURRENT_PROJECT_VERSION = 1;
				GENERATE_INFOPLIST_FILE = YES;
				MACOSX_DEPLOYMENT_TARGET = 15.5;
				MARKETING_VERSION = 1.0;
				PRODUCT_BUNDLE_IDENTIFIER = "com.rexellk.Frontend-OfficialTests";
				PRODUCT_NAME = "$(TARGET_NAME)";
				SWIFT_EMIT_LOC_STRINGS = NO;
				SWIFT_VERSION = 5.0;
				TEST_HOST = "$(BUILT_PRODUCTS_DIR)/FinanceApp.app/$(BUNDLE_EXECUTABLE_FOLDER_PATH)/FinanceApp";
			};
			name = Release;
		};
		EBB1AE6C2F7612D100AB61F9 /* Debug */ = {
			isa = XCBuildConfiguration;
			buildSettings = {
				CODE_SIGN_STYLE = Automatic;
				CURRENT_PROJECT_VERSION = 1;
				GENERATE_INFOPLIST_FILE = YES;
				MARKETING_VERSION = 1.0;
				PRODUCT_BUNDLE_IDENTIFIER = "com.rexellk.Frontend-OfficialUITests";
				PRODUCT_NAME = "$(TARGET_NAME)";
				SWIFT_EMIT_LOC_STRINGS = NO;
				SWIFT_VERSION = 5.0;
				TEST_TARGET_NAME = Frontend_Official;
			};
			name = Debug;
		};
		EBB1AE6D2F7612D100AB61F9 /* Release */ = {
			isa = XCBuildConfiguration;
			buildSettings = {
				CODE_SIGN_STYLE = Automatic;
				CURRENT_PROJECT_VERSION = 1;
				GENERATE_INFOPLIST_FILE = YES;
				MARKETING_VERSION = 1.0;
				PRODUCT_BUNDLE_IDENTIFIER = "com.rexellk.Frontend-OfficialUITests";
				PRODUCT_NAME = "$(TARGET_NAME)";
				SWIFT_EMIT_LOC_STRINGS = NO;
				SWIFT_VERSION = 5.0;
				TEST_TARGET_NAME = Frontend_Official;
			};
			name = Release;
		};
/* End XCBuildConfiguration section */

/* Begin XCConfigurationList section */
		EBB1AE3E2F7612CF00AB61F9 /* Build configuration list for PBXProject "FinanceApp" */ = {
			isa = XCConfigurationList;
			buildConfigurations = (
				EBB1AE632F7612D100AB61F9 /* Debug */,
				EBB1AE642F7612D100AB61F9 /* Release */,
			);
			defaultConfigurationIsVisible = 0;
			defaultConfigurationName = Release;
		};
		EBB1AE652F7612D100AB61F9 /* Build configuration list for PBXNativeTarget "FinanceApp" */ = {
			isa = XCConfigurationList;
			buildConfigurations = (
				EBB1AE662F7612D100AB61F9 /* Debug */,
				EBB1AE672F7612D100AB61F9 /* Release */,
			);
			defaultConfigurationIsVisible = 0;
			defaultConfigurationName = Release;
		};
		EBB1AE682F7612D100AB61F9 /* Build configuration list for PBXNativeTarget "FinanceAppTests" */ = {
			isa = XCConfigurationList;
			buildConfigurations = (
				EBB1AE692F7612D100AB61F9 /* Debug */,
				EBB1AE6A2F7612D100AB61F9 /* Release */,
			);
			defaultConfigurationIsVisible = 0;
			defaultConfigurationName = Release;
		};
		EBB1AE6B2F7612D100AB61F9 /* Build configuration list for PBXNativeTarget "FinanceAppUITests" */ = {
			isa = XCConfigurationList;
			buildConfigurations = (
				EBB1AE6C2F7612D100AB61F9 /* Debug */,
				EBB1AE6D2F7612D100AB61F9 /* Release */,
			);
			defaultConfigurationIsVisible = 0;
			defaultConfigurationName = Release;
		};
/* End XCConfigurationList section */
	};
	rootObject = EBB1AE3B2F7612CF00AB61F9 /* Project object */;
}
